// !$*UTF8*$!
{
	archiveVersion = 1;
	classes = {
	};
	objectVersion = 46;
	objects = {

/* Begin PBXBuildFile section */
		6987E2811CBB14FB00D9C93A /* AppDelegate.swift in Sources */ = {isa = PBXBuildFile; fileRef = 6987E2801CBB14FB00D9C93A /* AppDelegate.swift */; };
		6987E2831CBB14FB00D9C93A /* ViewController.swift in Sources */ = {isa = PBXBuildFile; fileRef = 6987E2821CBB14FB00D9C93A /* ViewController.swift */; };
		6987E2861CBB14FB00D9C93A /* Main.storyboard in Resources */ = {isa = PBXBuildFile; fileRef = 6987E2841CBB14FB00D9C93A /* Main.storyboard */; };
		6987E2881CBB14FB00D9C93A /* Assets.xcassets in Resources */ = {isa = PBXBuildFile; fileRef = 6987E2871CBB14FB00D9C93A /* Assets.xcassets */; };
		6987E28B1CBB14FB00D9C93A /* LaunchScreen.storyboard in Resources */ = {isa = PBXBuildFile; fileRef = 6987E2891CBB14FB00D9C93A /* LaunchScreen.storyboard */; };
/* End PBXBuildFile section */

/* Begin PBXFileReference section */
		6987E27D1CBB14FB00D9C93A /* BuscarLibro.app */ = {isa = PBXFileReference; explicitFileType = wrapper.application; includeInIndex = 0; path = BuscarLibro.app; sourceTree = BUILT_PRODUCTS_DIR; };
		6987E2801CBB14FB00D9C93A /* AppDelegate.swift */ = {isa = PBXFileReference; lastKnownFileType = sourcecode.swift; path = AppDelegate.swift; sourceTree = "<group>"; };
		6987E2821CBB14FB00D9C93A /* ViewController.swift */ = {isa = PBXFileReference; lastKnownFileType = sourcecode.swift; path = ViewController.swift; sourceTree = "<group>"; };
		6987E2851CBB14FB00D9C93A /* Base */ = {isa = PBXFileReference; lastKnownFileType = file.storyboard; name = Base; path = Base.lproj/Main.storyboard; sourceTree = "<group>"; };
		6987E2871CBB14FB00D9C93A /* Assets.xcassets */ = {isa = PBXFileReference; lastKnownFileType = folder.assetcatalog; path = Assets.xcassets; sourceTree = "<group>"; };
		6987E28A1CBB14FB00D9C93A /* Base */ = {isa = PBXFileReference; lastKnownFileType = file.storyboard; name = Base; path = Base.lproj/LaunchScreen.storyboard; sourceTree = "<group>"; };
		6987E28C1CBB14FB00D9C93A /* Info.plist */ = {isa = PBXFileReference; lastKnownFileType = text.plist.xml; path = Info.plist; sourceTree = "<group>"; };
/* End PBXFileReference section */

/* Begin PBXFrameworksBuildPhase section */
		6987E27A1CBB14FA00D9C93A /* Frameworks */ = {
			isa = PBXFrameworksBuildPhase;
			buildActionMask = 2147483647;
			files = (
			);
			runOnlyForDeploymentPostprocessing = 0;
		};
/* End PBXFrameworksBuildPhase section */

/* Begin PBXGroup section */
		6987E2741CBB14FA00D9C93A = {
			isa = PBXGroup;
			children = (
				6987E27F1CBB14FB00D9C93A /* BuscarLibro */,
				6987E27E1CBB14FB00D9C93A /* Products */,
			);
			sourceTree = "<group>";
		};
		6987E27E1CBB14FB00D9C93A /* Products */ = {
			isa = PBXGroup;
			children = (
				6987E27D1CBB14FB00D9C93A /* BuscarLibro.app */,
			);
			name = Products;
			sourceTree = "<group>";
		};
		6987E27F1CBB14FB00D9C93A /* BuscarLibro */ = {
			isa = PBXGroup;
			children = (
				6987E2801CBB14FB00D9C93A /* AppDelegate.swift */,
				6987E2821CBB14FB00D9C93A /* ViewController.swift */,
				6987E2841CBB14FB00D9C93A /* Main.storyboard */,
				6987E2871CBB14FB00D9C93A /* Assets.xcassets */,
				6987E2891CBB14FB00D9C93A /* LaunchScreen.storyboard */,
				6987E28C1CBB14FB00D9C93A /* Info.plist */,
			);
			path = BuscarLibro;
			sourceTree = "<group>";
		};
/* End PBXGroup section */

/* Begin PBXNativeTarget section */
		6987E27C1CBB14FA00D9C93A /* BuscarLibro */ = {
			isa = PBXNativeTarget;
			buildConfigurationList = 6987E28F1CBB14FB00D9C93A /* Build configuration list for PBXNativeTarget "BuscarLibro" */;
			buildPhases = (
				6987E2791CBB14FA00D9C93A /* Sources */,
				6987E27A1CBB14FA00D9C93A /* Frameworks */,
				6987E27B1CBB14FA00D9C93A /* Resources */,
			);
			buildRules = (
			);
			dependencies = (
			);
			name = BuscarLibro;
			productName = BuscarLibro;
			productReference = 6987E27D1CBB14FB00D9C93A /* BuscarLibro.app */;
			productType = "com.apple.product-type.application";
		};
/* End PBXNativeTarget section */

/* Begin PBXProject section */
		6987E2751CBB14FA00D9C93A /* Project object */ = {
			isa = PBXProject;
			attributes = {
				LastSwiftUpdateCheck = 0730;
				LastUpgradeCheck = 0730;
				ORGANIZATIONNAME = "Juan Jose Renteria";
				TargetAttributes = {
					6987E27C1CBB14FA00D9C93A = {
						CreatedOnToolsVersion = 7.3;
					};
				};
			};
			buildConfigurationList = 6987E2781CBB14FA00D9C93A /* Build configuration list for PBXProject "BuscarLibro" */;
			compatibilityVersion = "Xcode 3.2";
			developmentRegion = English;
			hasScannedForEncodings = 0;
			knownRegions = (
				en,
				Base,
			);
			mainGroup = 6987E2741CBB14FA00D9C93A;
			productRefGroup = 6987E27E1CBB14FB00D9C93A /* Products */;
			projectDirPath = "";
			projectRoot = "";
			targets = (
				6987E27C1CBB14FA00D9C93A /* BuscarLibro */,
			);
		};
/* End PBXProject section */

/* Begin PBXResourcesBuildPhase section */
		6987E27B1CBB14FA00D9C93A /* Resources */ = {
			isa = PBXResourcesBuildPhase;
			buildActionMask = 2147483647;
			files = (
				6987E28B1CBB14FB00D9C93A /* LaunchScreen.storyboard in Resources */,
				6987E2881CBB14FB00D9C93A /* Assets.xcassets in Resources */,
				6987E2861CBB14FB00D9C93A /* Main.storyboard in Resources */,
			);
			runOnlyForDeploymentPostprocessing = 0;
		};
/* End PBXResourcesBuildPhase section */

/* Begin PBXSourcesBuildPhase section */
		6987E2791CBB14FA00D9C93A /* Sources */ = {
			isa = PBXSourcesBuildPhase;
			buildActionMask = 2147483647;
			files = (
				6987E2831CBB14FB00D9C93A /* ViewController.swift in Sources */,
				6987E2811CBB14FB00D9C93A /* AppDelegate.swift in Sources */,
			);
			runOnlyForDeploymentPostprocessing = 0;
		};
/* End PBXSourcesBuildPhase section */

/* Begin PBXVariantGroup section */
		6987E2841CBB14FB00D9C93A /* Main.storyboard */ = {
			isa = PBXVariantGroup;
			children = (
				6987E2851CBB14FB00D9C93A /* Base */,
			);
			name = Main.storyboard;
			sourceTree = "<group>";
		};
		6987E2891CBB14FB00D9C93A /* LaunchScreen.storyboard */ = {
			isa = PBXVariantGroup;
			children = (
				6987E28A1CBB14FB00D9C93A /* Base */,
			);
			name = LaunchScreen.storyboard;
			sourceTree = "<group>";
		};
/* End PBXVariantGroup section */

/* Begin XCBuildConfiguration section */
		6987E28D1CBB14FB00D9C93A /* Debug */ = {
			isa = XCBuildConfiguration;
			buildSettings = {
				ALWAYS_SEARCH_USER_PATHS = NO;
				CLANG_ANALYZER_NONNULL = YES;
				CLANG_CXX_LANGUAGE_STANDARD = "gnu++0x";
				CLANG_CXX_LIBRARY = "libc++";
				CLANG_ENABLE_MODULES = YES;
				CLANG_ENABLE_OBJC_ARC = YES;
				CLANG_WARN_BOOL_CONVERSION = YES;
				CLANG_WARN_CONSTANT_CONVERSION = YES;
				CLANG_WARN_DIRECT_OBJC_ISA_USAGE = YES_ERROR;
				CLANG_WARN_EMPTY_BODY = YES;
				CLANG_WARN_ENUM_CONVERSION = YES;
				CLANG_WARN_INT_CONVERSION = YES;
				CLANG_WARN_OBJC_ROOT_CLASS = YES_ERROR;
				CLANG_WARN_UNREACHABLE_CODE = YES;
				CLANG_WARN__DUPLICATE_METHOD_MATCH = YES;
				"CODE_SIGN_IDENTITY[sdk=iphoneos*]" = "iPhone Developer";
				COPY_PHASE_STRIP = NO;
				DEBUG_INFORMATION_FORMAT = dwarf;
				ENABLE_STRICT_OBJC_MSGSEND = YES;
				ENABLE_TESTABILITY = YES;
				GCC_C_LANGUAGE_STANDARD = gnu99;
				GCC_DYNAMIC_NO_PIC = NO;
				GCC_NO_COMMON_BLOCKS = YES;
				GCC_OPTIMIZATION_LEVEL = 0;
				GCC_PREPROCESSOR_DEFINITIONS = (
					"DEBUG=1",
					"$(inherited)",
				);
				GCC_WARN_64_TO_32_BIT_CONVERSION = YES;
				GCC_WARN_ABOUT_RETURN_TYPE = YES_ERROR;
				GCC_WARN_UNDECLARED_SELECTOR = YES;
				GCC_WARN_UNINITIALIZED_AUTOS = YES_AGGRESSIVE;
				GCC_WARN_UNUSED_FUNCTION = YES;
				GCC_WARN_UNUSED_VARIABLE = YES;
				IPHONEOS_DEPLOYMENT_TARGET = 9.3;
				MTL_ENABLE_DEBUG_INFO = YES;
				ONLY_ACTIVE_ARCH = YES;
				SDKROOT = iphoneos;
				SWIFT_OPTIMIZATION_LEVEL = "-Onone";
				TARGETED_DEVICE_FAMILY = 2;
			};
			name = Debug;
		};
		6987E28E1CBB14FB00D9C93A /* Release */ = {
			isa = XCBuildConfiguration;
			buildSettings = {
				ALWAYS_SEARCH_USER_PATHS = NO;
				CLANG_ANALYZER_NONNULL = YES;
				CLANG_CXX_LANGUAGE_STANDARD = "gnu++0x";
				CLANG_CXX_LIBRARY = "libc++";
				CLANG_ENABLE_MODULES = YES;
				CLANG_ENABLE_OBJC_ARC = YES;
				CLANG_WARN_BOOL_CONVERSION = YES;
				CLANG_WARN_CONSTANT_CONVERSION = YES;
				CLANG_WARN_DIRECT_OBJC_ISA_USAGE = YES_ERROR;
				CLANG_WARN_EMPTY_BODY = YES;
				CLANG_WARN_ENUM_CONVERSION = YES;
				CLANG_WARN_INT_CONVERSION = YES;
				CLANG_WARN_OBJC_ROOT_CLASS = YES_ERROR;
				CLANG_WARN_UNREACHABLE_CODE = YES;
				CLANG_WARN__DUPLICATE_METHOD_MATCH = YES;
				"CODE_SIGN_IDENTITY[sdk=iphoneos*]" = "iPhone Developer";
				COPY_PHASE_STRIP = NO;
				DEBUG_INFORMATION_FORMAT = "dwarf-with-dsym";
				ENABLE_NS_ASSERTIONS = NO;
				ENABLE_STRICT_OBJC_MSGSEND = YES;
				GCC_C_LANGUAGE_STANDARD = gnu99;
				GCC_NO_COMMON_BLOCKS = YES;
				GCC_WARN_64_TO_32_BIT_CONVERSION = YES;
				GCC_WARN_ABOUT_RETURN_TYPE = YES_ERROR;
				GCC_WARN_UNDECLARED_SELECTOR = YES;
				GCC_WARN_UNINITIALIZED_AUTOS = YES_AGGRESSIVE;
				GCC_WARN_UNUSED_FUNCTION = YES;
				GCC_WARN_UNUSED_VARIABLE = YES;
				IPHONEOS_DEPLOYMENT_TARGET = 9.3;
				MTL_ENABLE_DEBUG_INFO = NO;
				SDKROOT = iphoneos;
				TARGETED_DEVICE_FAMILY = 2;
				VALIDATE_PRODUCT = YES;
			};
			name = Release;
		};
		6987E2901CBB14FB00D9C93A /* Debug */ = {
			isa = XCBuildConfiguration;
			buildSettings = {
				ASSETCATALOG_COMPILER_APPICON_NAME = AppIcon;
				INFOPLIST_FILE = BuscarLibro/Info.plist;
				LD_RUNPATH_SEARCH_PATHS = "$(inherited) @executable_path/Frameworks";
				PRODUCT_BUNDLE_IDENTIFIER = com.jj.BuscarLibro;
				PRODUCT_NAME = "$(TARGET_NAME)";
			};
			name = Debug;
		};
		6987E2911CBB14FB00D9C93A /* Release */ = {
			isa = XCBuildConfiguration;
			buildSettings = {
				ASSETCATALOG_COMPILER_APPICON_NAME = AppIcon;
				INFOPLIST_FILE = BuscarLibro/Info.plist;
				LD_RUNPATH_SEARCH_PATHS = "$(inherited) @executable_path/Frameworks";
				PRODUCT_BUNDLE_IDENTIFIER = com.jj.BuscarLibro;
				PRODUCT_NAME = "$(TARGET_NAME)";
			};
			name = Release;
		};
/* End XCBuildConfiguration section */

/* Begin XCConfigurationList section */
		6987E2781CBB14FA00D9C93A /* Build configuration list for PBXProject "BuscarLibro" */ = {
			isa = XCConfigurationList;
			buildConfigurations = (
				6987E28D1CBB14FB00D9C93A /* Debug */,
				6987E28E1CBB14FB00D9C93A /* Release */,
			);
			defaultConfigurationIsVisible = 0;
			defaultConfigurationName = Release;
		};
		6987E28F1CBB14FB00D9C93A /* Build configuration list for PBXNativeTarget "BuscarLibro" */ = {
			isa = XCConfigurationList;
			buildConfigurations = (
				6987E2901CBB14FB00D9C93A /* Debug */,
				6987E2911CBB14FB00D9C93A /* Release */,
			);
			defaultConfigurationIsVisible = 0;
		};
/* End XCConfigurationList section */
	};
	rootObject = 6987E2751CBB14FA00D9C93A /* Project object */;
}
